
Microsoft Visual Studio Solution File, Format Version 12.00
# Visual Studio Version 16
VisualStudioVersion = 16.0.30002.166
MinimumVisualStudioVersion = 10.0.40219.1
Project("{9A19103F-16F7-4668-BE54-9A1E7A4F7556}") = "WebApp", "WebApp\WebApp.csproj", "{AD8D59EA-3490-485B-B876-FEE326429C95}"
EndProject
Project("{9A19103F-16F7-4668-BE54-9A1E7A4F7556}") = "Contracts.DAL.Base", "Contracts.DAL.Base\Contracts.DAL.Base.csproj", "{B68DEDA0-882C-4FB7-B927-C73E2AA82DFC}"
EndProject
Project("{9A19103F-16F7-4668-BE54-9A1E7A4F7556}") = "DAL.App.EF", "DAL.App.EF\DAL.App.EF.csproj", "{DC704855-A24A-488D-8E65-CDC920FF1855}"
EndProject
Project("{2150E333-8FDC-42A3-9474-1A3956D46DE8}") = "SolutionFolder1", "SolutionFolder1", "{4A7DFBFF-F196-4740-AD22-1554778EF1DA}"
	ProjectSection(SolutionItems) = preProject
	README.md = README.md
					.gitignore = .gitignore
					.dockerignore = .dockerignore
					Directory.Build.props = Directory.Build.props
					.gitlab-ci.yml = .gitlab-ci.yml
					Dockerfile = Dockerfile
		..\..\Desktop\Directory.Build .props = ..\..\Desktop\Directory.Build .props
	EndProjectSection
EndProject
Project("{9A19103F-16F7-4668-BE54-9A1E7A4F7556}") = "DAL.Base", "DAL.Base\DAL.Base.csproj", "{F5DC122C-8569-4C23-8EE3-6CB1BE0F1252}"
EndProject
Project("{9A19103F-16F7-4668-BE54-9A1E7A4F7556}") = "DAL.Base.EF", "DAL.Base.EF\DAL.Base.EF.csproj", "{8562CBB3-6DC8-41D3-B1C8-4E123074C355}"
EndProject
Project("{9A19103F-16F7-4668-BE54-9A1E7A4F7556}") = "Contracts.DAL.App", "Contracts.DAL.App\Contracts.DAL.App.csproj", "{11772A90-5F72-4316-AC17-E7B8762D8EFA}"
EndProject
Project("{9A19103F-16F7-4668-BE54-9A1E7A4F7556}") = "Extensions", "Extensions\Extensions.csproj", "{B8F965B1-BBF6-4914-8E91-4211D85A96C7}"
EndProject
Project("{FAE04EC0-301F-11D3-BF4B-00C04F79EFBC}") = "Resources", "Resources\Resources.csproj", "{5E4A09BF-D359-4805-A2C6-E38930165367}"
EndProject
Project("{2150E333-8FDC-42A3-9474-1A3956D46DE8}") = "DAL", "DAL", "{CC35DADB-83F4-4C49-9971-22A009F4A6B2}"
EndProject
Project("{2150E333-8FDC-42A3-9474-1A3956D46DE8}") = "BLL", "BLL", "{A0385D2C-0DBC-48C9-B94E-D121D00B9DA1}"
EndProject
Project("{2150E333-8FDC-42A3-9474-1A3956D46DE8}") = "DTO", "DTO", "{043D0315-534F-4317-BCBC-C31150FB53BE}"
EndProject
Project("{FAE04EC0-301F-11D3-BF4B-00C04F79EFBC}") = "PublicApi.DTO.v2", "PublicApi.DTO.v2\PublicApi.DTO.v2.csproj", "{23021482-0D57-4BC1-88BE-5D7E827733DB}"
EndProject
Project("{FAE04EC0-301F-11D3-BF4B-00C04F79EFBC}") = "DAL.App.DTO", "DAL.App.DTO\DAL.App.DTO.csproj", "{C1F3FFAC-721D-4B73-96C6-37131A8BCF24}"
EndProject
Project("{FAE04EC0-301F-11D3-BF4B-00C04F79EFBC}") = "Contracts.BLL.App", "Contracts.BLL.App\Contracts.BLL.App.csproj", "{F536F133-864A-47D0-B112-524EC705E031}"
EndProject
Project("{FAE04EC0-301F-11D3-BF4B-00C04F79EFBC}") = "Contracts.BLL.Base", "Contracts.BLL.Base\Contracts.BLL.Base.csproj", "{35E04846-B3BD-4142-BE4E-91131841E4D0}"
EndProject
Project("{FAE04EC0-301F-11D3-BF4B-00C04F79EFBC}") = "BLL.App.DTO", "BLL.App.DTO\BLL.App.DTO.csproj", "{3043077F-4E27-4D90-A867-104ED1450CD4}"
EndProject
Project("{FAE04EC0-301F-11D3-BF4B-00C04F79EFBC}") = "BLL.Base", "BLL.Base\BLL.Base.csproj", "{E3189E64-FCC9-4324-B403-C07391B91C49}"
EndProject
Project("{FAE04EC0-301F-11D3-BF4B-00C04F79EFBC}") = "BLL.App", "BLL.App\BLL.App.csproj", "{C7E255E0-4DED-4ADA-BE8F-4CA2A0028862}"
EndProject
Project("{FAE04EC0-301F-11D3-BF4B-00C04F79EFBC}") = "Domain.Base", "Domain.Base\Domain.Base.csproj", "{D69A3EB2-40E3-4F8E-AF29-3F14CB387300}"
EndProject
Project("{FAE04EC0-301F-11D3-BF4B-00C04F79EFBC}") = "Contracts.Domain", "Contracts.Domain\Contracts.Domain.csproj", "{D790FEF3-0CDE-4B38-9A5C-3F307F7A167E}"
EndProject
Project("{FAE04EC0-301F-11D3-BF4B-00C04F79EFBC}") = "Domain.App", "Domain.App\Domain.App.csproj", "{85C3D495-8B0E-4D83-92F0-18435A27086C}"
EndProject
Project("{2150E333-8FDC-42A3-9474-1A3956D46DE8}") = "Domain", "Domain", "{C39156F3-2A75-4F41-83CE-2590D2691ED1}"
EndProject
Project("{2150E333-8FDC-42A3-9474-1A3956D46DE8}") = "_Solution", "_Solution", "{62767B22-B2AF-45C1-A2D0-3C5975C71BFC}"
ProjectSection(SolutionItems) = preProject
	.idea\.gitignore = .idea\.gitignore
EndProjectSection
EndProject
Global
	GlobalSection(SolutionConfigurationPlatforms) = preSolution
		Debug|Any CPU = Debug|Any CPU
		Release|Any CPU = Release|Any CPU
	EndGlobalSection
	GlobalSection(ProjectConfigurationPlatforms) = postSolution
		{AD8D59EA-3490-485B-B876-FEE326429C95}.Debug|Any CPU.ActiveCfg = Debug|Any CPU
		{AD8D59EA-3490-485B-B876-FEE326429C95}.Debug|Any CPU.Build.0 = Debug|Any CPU
		{AD8D59EA-3490-485B-B876-FEE326429C95}.Release|Any CPU.ActiveCfg = Release|Any CPU
		{AD8D59EA-3490-485B-B876-FEE326429C95}.Release|Any CPU.Build.0 = Release|Any CPU
		{B68DEDA0-882C-4FB7-B927-C73E2AA82DFC}.Debug|Any CPU.ActiveCfg = Debug|Any CPU
		{B68DEDA0-882C-4FB7-B927-C73E2AA82DFC}.Debug|Any CPU.Build.0 = Debug|Any CPU
		{B68DEDA0-882C-4FB7-B927-C73E2AA82DFC}.Release|Any CPU.ActiveCfg = Release|Any CPU
		{B68DEDA0-882C-4FB7-B927-C73E2AA82DFC}.Release|Any CPU.Build.0 = Release|Any CPU
		{DC704855-A24A-488D-8E65-CDC920FF1855}.Debug|Any CPU.ActiveCfg = Debug|Any CPU
		{DC704855-A24A-488D-8E65-CDC920FF1855}.Debug|Any CPU.Build.0 = Debug|Any CPU
		{DC704855-A24A-488D-8E65-CDC920FF1855}.Release|Any CPU.ActiveCfg = Release|Any CPU
		{DC704855-A24A-488D-8E65-CDC920FF1855}.Release|Any CPU.Build.0 = Release|Any CPU
		{F5DC122C-8569-4C23-8EE3-6CB1BE0F1252}.Debug|Any CPU.ActiveCfg = Debug|Any CPU
		{F5DC122C-8569-4C23-8EE3-6CB1BE0F1252}.Debug|Any CPU.Build.0 = Debug|Any CPU
		{F5DC122C-8569-4C23-8EE3-6CB1BE0F1252}.Release|Any CPU.ActiveCfg = Release|Any CPU
		{F5DC122C-8569-4C23-8EE3-6CB1BE0F1252}.Release|Any CPU.Build.0 = Release|Any CPU
		{8562CBB3-6DC8-41D3-B1C8-4E123074C355}.Debug|Any CPU.ActiveCfg = Debug|Any CPU
		{8562CBB3-6DC8-41D3-B1C8-4E123074C355}.Debug|Any CPU.Build.0 = Debug|Any CPU
		{8562CBB3-6DC8-41D3-B1C8-4E123074C355}.Release|Any CPU.ActiveCfg = Release|Any CPU
		{8562CBB3-6DC8-41D3-B1C8-4E123074C355}.Release|Any CPU.Build.0 = Release|Any CPU
		{11772A90-5F72-4316-AC17-E7B8762D8EFA}.Debug|Any CPU.ActiveCfg = Debug|Any CPU
		{11772A90-5F72-4316-AC17-E7B8762D8EFA}.Debug|Any CPU.Build.0 = Debug|Any CPU
		{11772A90-5F72-4316-AC17-E7B8762D8EFA}.Release|Any CPU.ActiveCfg = Release|Any CPU
		{11772A90-5F72-4316-AC17-E7B8762D8EFA}.Release|Any CPU.Build.0 = Release|Any CPU
		{B8F965B1-BBF6-4914-8E91-4211D85A96C7}.Debug|Any CPU.ActiveCfg = Debug|Any CPU
		{B8F965B1-BBF6-4914-8E91-4211D85A96C7}.Debug|Any CPU.Build.0 = Debug|Any CPU
		{B8F965B1-BBF6-4914-8E91-4211D85A96C7}.Release|Any CPU.ActiveCfg = Release|Any CPU
		{B8F965B1-BBF6-4914-8E91-4211D85A96C7}.Release|Any CPU.Build.0 = Release|Any CPU
		{5E4A09BF-D359-4805-A2C6-E38930165367}.Debug|Any CPU.ActiveCfg = Debug|Any CPU
		{5E4A09BF-D359-4805-A2C6-E38930165367}.Debug|Any CPU.Build.0 = Debug|Any CPU
		{5E4A09BF-D359-4805-A2C6-E38930165367}.Release|Any CPU.ActiveCfg = Release|Any CPU
		{5E4A09BF-D359-4805-A2C6-E38930165367}.Release|Any CPU.Build.0 = Release|Any CPU
		{23021482-0D57-4BC1-88BE-5D7E827733DB}.Debug|Any CPU.ActiveCfg = Debug|Any CPU
		{23021482-0D57-4BC1-88BE-5D7E827733DB}.Debug|Any CPU.Build.0 = Debug|Any CPU
		{23021482-0D57-4BC1-88BE-5D7E827733DB}.Release|Any CPU.ActiveCfg = Release|Any CPU
		{23021482-0D57-4BC1-88BE-5D7E827733DB}.Release|Any CPU.Build.0 = Release|Any CPU
		{C1F3FFAC-721D-4B73-96C6-37131A8BCF24}.Debug|Any CPU.ActiveCfg = Debug|Any CPU
		{C1F3FFAC-721D-4B73-96C6-37131A8BCF24}.Debug|Any CPU.Build.0 = Debug|Any CPU
		{C1F3FFAC-721D-4B73-96C6-37131A8BCF24}.Release|Any CPU.ActiveCfg = Release|Any CPU
		{C1F3FFAC-721D-4B73-96C6-37131A8BCF24}.Release|Any CPU.Build.0 = Release|Any CPU
		{F536F133-864A-47D0-B112-524EC705E031}.Debug|Any CPU.ActiveCfg = Debug|Any CPU
		{F536F133-864A-47D0-B112-524EC705E031}.Debug|Any CPU.Build.0 = Debug|Any CPU
		{F536F133-864A-47D0-B112-524EC705E031}.Release|Any CPU.ActiveCfg = Release|Any CPU
		{F536F133-864A-47D0-B112-524EC705E031}.Release|Any CPU.Build.0 = Release|Any CPU
		{35E04846-B3BD-4142-BE4E-91131841E4D0}.Debug|Any CPU.ActiveCfg = Debug|Any CPU
		{35E04846-B3BD-4142-BE4E-91131841E4D0}.Debug|Any CPU.Build.0 = Debug|Any CPU
		{35E04846-B3BD-4142-BE4E-91131841E4D0}.Release|Any CPU.ActiveCfg = Release|Any CPU
		{35E04846-B3BD-4142-BE4E-91131841E4D0}.Release|Any CPU.Build.0 = Release|Any CPU
		{3043077F-4E27-4D90-A867-104ED1450CD4}.Debug|Any CPU.ActiveCfg = Debug|Any CPU
		{3043077F-4E27-4D90-A867-104ED1450CD4}.Debug|Any CPU.Build.0 = Debug|Any CPU
		{3043077F-4E27-4D90-A867-104ED1450CD4}.Release|Any CPU.ActiveCfg = Release|Any CPU
		{3043077F-4E27-4D90-A867-104ED1450CD4}.Release|Any CPU.Build.0 = Release|Any CPU
		{E3189E64-FCC9-4324-B403-C07391B91C49}.Debug|Any CPU.ActiveCfg = Debug|Any CPU
		{E3189E64-FCC9-4324-B403-C07391B91C49}.Debug|Any CPU.Build.0 = Debug|Any CPU
		{E3189E64-FCC9-4324-B403-C07391B91C49}.Release|Any CPU.ActiveCfg = Release|Any CPU
		{E3189E64-FCC9-4324-B403-C07391B91C49}.Release|Any CPU.Build.0 = Release|Any CPU
		{C7E255E0-4DED-4ADA-BE8F-4CA2A0028862}.Debug|Any CPU.ActiveCfg = Debug|Any CPU
		{C7E255E0-4DED-4ADA-BE8F-4CA2A0028862}.Debug|Any CPU.Build.0 = Debug|Any CPU
		{C7E255E0-4DED-4ADA-BE8F-4CA2A0028862}.Release|Any CPU.ActiveCfg = Release|Any CPU
		{C7E255E0-4DED-4ADA-BE8F-4CA2A0028862}.Release|Any CPU.Build.0 = Release|Any CPU
		{D69A3EB2-40E3-4F8E-AF29-3F14CB387300}.Debug|Any CPU.ActiveCfg = Debug|Any CPU
		{D69A3EB2-40E3-4F8E-AF29-3F14CB387300}.Debug|Any CPU.Build.0 = Debug|Any CPU
		{D69A3EB2-40E3-4F8E-AF29-3F14CB387300}.Release|Any CPU.ActiveCfg = Release|Any CPU
		{D69A3EB2-40E3-4F8E-AF29-3F14CB387300}.Release|Any CPU.Build.0 = Release|Any CPU
		{D790FEF3-0CDE-4B38-9A5C-3F307F7A167E}.Debug|Any CPU.ActiveCfg = Debug|Any CPU
		{D790FEF3-0CDE-4B38-9A5C-3F307F7A167E}.Debug|Any CPU.Build.0 = Debug|Any CPU
		{D790FEF3-0CDE-4B38-9A5C-3F307F7A167E}.Release|Any CPU.ActiveCfg = Release|Any CPU
		{D790FEF3-0CDE-4B38-9A5C-3F307F7A167E}.Release|Any CPU.Build.0 = Release|Any CPU
		{85C3D495-8B0E-4D83-92F0-18435A27086C}.Debug|Any CPU.ActiveCfg = Debug|Any CPU
		{85C3D495-8B0E-4D83-92F0-18435A27086C}.Debug|Any CPU.Build.0 = Debug|Any CPU
		{85C3D495-8B0E-4D83-92F0-18435A27086C}.Release|Any CPU.ActiveCfg = Release|Any CPU
		{85C3D495-8B0E-4D83-92F0-18435A27086C}.Release|Any CPU.Build.0 = Release|Any CPU
	EndGlobalSection
	GlobalSection(SolutionProperties) = preSolution
		HideSolutionNode = FALSE
	EndGlobalSection
	GlobalSection(ExtensibilityGlobals) = postSolution
		SolutionGuid = {963FB32E-C9B6-4633-A373-FBBC8CF9904D}
	EndGlobalSection
	GlobalSection(NestedProjects) = preSolution
		{DC704855-A24A-488D-8E65-CDC920FF1855} = {CC35DADB-83F4-4C49-9971-22A009F4A6B2}
		{B68DEDA0-882C-4FB7-B927-C73E2AA82DFC} = {CC35DADB-83F4-4C49-9971-22A009F4A6B2}
		{23021482-0D57-4BC1-88BE-5D7E827733DB} = {043D0315-534F-4317-BCBC-C31150FB53BE}
		{8562CBB3-6DC8-41D3-B1C8-4E123074C355} = {CC35DADB-83F4-4C49-9971-22A009F4A6B2}
		{F5DC122C-8569-4C23-8EE3-6CB1BE0F1252} = {CC35DADB-83F4-4C49-9971-22A009F4A6B2}
		{11772A90-5F72-4316-AC17-E7B8762D8EFA} = {CC35DADB-83F4-4C49-9971-22A009F4A6B2}
		{C1F3FFAC-721D-4B73-96C6-37131A8BCF24} = {CC35DADB-83F4-4C49-9971-22A009F4A6B2}
		{F536F133-864A-47D0-B112-524EC705E031} = {A0385D2C-0DBC-48C9-B94E-D121D00B9DA1}
		{35E04846-B3BD-4142-BE4E-91131841E4D0} = {A0385D2C-0DBC-48C9-B94E-D121D00B9DA1}
		{3043077F-4E27-4D90-A867-104ED1450CD4} = {A0385D2C-0DBC-48C9-B94E-D121D00B9DA1}
		{E3189E64-FCC9-4324-B403-C07391B91C49} = {A0385D2C-0DBC-48C9-B94E-D121D00B9DA1}
		{C7E255E0-4DED-4ADA-BE8F-4CA2A0028862} = {A0385D2C-0DBC-48C9-B94E-D121D00B9DA1}
		{85C3D495-8B0E-4D83-92F0-18435A27086C} = {C39156F3-2A75-4F41-83CE-2590D2691ED1}
	EndGlobalSection
EndGlobal
